
Microsoft Visual Studio Solution File, Format Version 12.00
# Visual Studio Version 17
VisualStudioVersion = 17.2.32602.215
MinimumVisualStudioVersion = 10.0.40219.1
Project("{9A19103F-16F7-4668-BE54-9A1E7A4F7556}") = "MyFirstApi", "MyFirstApi.csproj", "{36FE50A7-B611-496A-9A36-FA0F23706095}"
EndProject
Project("{9A19103F-16F7-4668-BE54-9A1E7A4F7556}") = "MyFirstApiDomain", "..\MyFirstApiDomain\MyFirstApiDomain.csproj", "{C5AE3971-CD9C-4DF7-AAE1-E57DB102FC07}"
EndProject
Project("{9A19103F-16F7-4668-BE54-9A1E7A4F7556}") = "MyFirstApiCrossCutting", "..\MyFirstApiCrossCutting\MyFirstApiCrossCutting.csproj", "{32AC6B0B-243E-4877-ADFA-B5EDD55DD134}"
EndProject
Project("{9A19103F-16F7-4668-BE54-9A1E7A4F7556}") = "MyFirstApiData", "..\MyFirstApiData\MyFirstApiData.csproj", "{D635E4D0-AF78-4F52-AF96-35007FE4EF22}"
EndProject
Project("{9A19103F-16F7-4668-BE54-9A1E7A4F7556}") = "MyFirstApiService", "..\MyFirstApiService\MyFirstApiService.csproj", "{56A12D36-682F-4772-9E24-838BCB853F28}"
EndProject
Global
	GlobalSection(SolutionConfigurationPlatforms) = preSolution
		Debug|Any CPU = Debug|Any CPU
		Release|Any CPU = Release|Any CPU
	EndGlobalSection
	GlobalSection(ProjectConfigurationPlatforms) = postSolution
		{36FE50A7-B611-496A-9A36-FA0F23706095}.Debug|Any CPU.ActiveCfg = Debug|Any CPU
		{36FE50A7-B611-496A-9A36-FA0F23706095}.Debug|Any CPU.Build.0 = Debug|Any CPU
		{36FE50A7-B611-496A-9A36-FA0F23706095}.Release|Any CPU.ActiveCfg = Release|Any CPU
		{36FE50A7-B611-496A-9A36-FA0F23706095}.Release|Any CPU.Build.0 = Release|Any CPU
		{C5AE3971-CD9C-4DF7-AAE1-E57DB102FC07}.Debug|Any CPU.ActiveCfg = Debug|Any CPU
		{C5AE3971-CD9C-4DF7-AAE1-E57DB102FC07}.Debug|Any CPU.Build.0 = Debug|Any CPU
		{C5AE3971-CD9C-4DF7-AAE1-E57DB102FC07}.Release|Any CPU.ActiveCfg = Release|Any CPU
		{C5AE3971-CD9C-4DF7-AAE1-E57DB102FC07}.Release|Any CPU.Build.0 = Release|Any CPU
		{32AC6B0B-243E-4877-ADFA-B5EDD55DD134}.Debug|Any CPU.ActiveCfg = Debug|Any CPU
		{32AC6B0B-243E-4877-ADFA-B5EDD55DD134}.Debug|Any CPU.Build.0 = Debug|Any CPU
		{32AC6B0B-243E-4877-ADFA-B5EDD55DD134}.Release|Any CPU.ActiveCfg = Release|Any CPU
		{32AC6B0B-243E-4877-ADFA-B5EDD55DD134}.Release|Any CPU.Build.0 = Release|Any CPU
		{D635E4D0-AF78-4F52-AF96-35007FE4EF22}.Debug|Any CPU.ActiveCfg = Debug|Any CPU
		{D635E4D0-AF78-4F52-AF96-35007FE4EF22}.Debug|Any CPU.Build.0 = Debug|Any CPU
		{D635E4D0-AF78-4F52-AF96-35007FE4EF22}.Release|Any CPU.ActiveCfg = Release|Any CPU
		{D635E4D0-AF78-4F52-AF96-35007FE4EF22}.Release|Any CPU.Build.0 = Release|Any CPU
		{56A12D36-682F-4772-9E24-838BCB853F28}.Debug|Any CPU.ActiveCfg = Debug|Any CPU
		{56A12D36-682F-4772-9E24-838BCB853F28}.Debug|Any CPU.Build.0 = Debug|Any CPU
		{56A12D36-682F-4772-9E24-838BCB853F28}.Release|Any CPU.ActiveCfg = Release|Any CPU
		{56A12D36-682F-4772-9E24-838BCB853F28}.Release|Any CPU.Build.0 = Release|Any CPU
	EndGlobalSection
	GlobalSection(SolutionProperties) = preSolution
		HideSolutionNode = FALSE
	EndGlobalSection
	GlobalSection(ExtensibilityGlobals) = postSolution
		SolutionGuid = {0687825D-1E3F-4705-9872-F3553CA07ACB}
	EndGlobalSection
EndGlobal
