
Microsoft Visual Studio Solution File, Format Version 12.00
# Visual Studio Version 17
VisualStudioVersion = 17.2.32616.157
MinimumVisualStudioVersion = 10.0.40219.1
Project("{FAE04EC0-301F-11D3-BF4B-00C04F79EFBC}") = "HowOldAreYou", "HowOldAreYou.csproj", "{635C6A18-2847-4FFA-95ED-A1B54CE6FFDD}"
EndProject
Global
	GlobalSection(SolutionConfigurationPlatforms) = preSolution
		Debug|Any CPU = Debug|Any CPU
		Release|Any CPU = Release|Any CPU
	EndGlobalSection
	GlobalSection(ProjectConfigurationPlatforms) = postSolution
		{635C6A18-2847-4FFA-95ED-A1B54CE6FFDD}.Debug|Any CPU.ActiveCfg = Debug|Any CPU
		{635C6A18-2847-4FFA-95ED-A1B54CE6FFDD}.Debug|Any CPU.Build.0 = Debug|Any CPU
		{635C6A18-2847-4FFA-95ED-A1B54CE6FFDD}.Release|Any CPU.ActiveCfg = Release|Any CPU
		{635C6A18-2847-4FFA-95ED-A1B54CE6FFDD}.Release|Any CPU.Build.0 = Release|Any CPU
	EndGlobalSection
	GlobalSection(SolutionProperties) = preSolution
		HideSolutionNode = FALSE
	EndGlobalSection
	GlobalSection(ExtensibilityGlobals) = postSolution
		SolutionGuid = {70FFA764-14F8-43BC-90A6-BA80E563EF5F}
	EndGlobalSection
EndGlobal
