
Microsoft Visual Studio Solution File, Format Version 12.00
# Visual Studio Version 17
VisualStudioVersion = 17.0.31919.166
MinimumVisualStudioVersion = 10.0.40219.1
Project("{FAE04EC0-301F-11D3-BF4B-00C04F79EFBC}") = "Primeira Aplicação web", "Primeira Aplicação web\Primeira Aplicação web.csproj", "{E1C5522C-2E92-4CB3-8A6C-9A24DB282360}"
EndProject
Global
	GlobalSection(SolutionConfigurationPlatforms) = preSolution
		Debug|Any CPU = Debug|Any CPU
		Release|Any CPU = Release|Any CPU
	EndGlobalSection
	GlobalSection(ProjectConfigurationPlatforms) = postSolution
		{E1C5522C-2E92-4CB3-8A6C-9A24DB282360}.Debug|Any CPU.ActiveCfg = Debug|Any CPU
		{E1C5522C-2E92-4CB3-8A6C-9A24DB282360}.Debug|Any CPU.Build.0 = Debug|Any CPU
		{E1C5522C-2E92-4CB3-8A6C-9A24DB282360}.Release|Any CPU.ActiveCfg = Release|Any CPU
		{E1C5522C-2E92-4CB3-8A6C-9A24DB282360}.Release|Any CPU.Build.0 = Release|Any CPU
	EndGlobalSection
	GlobalSection(SolutionProperties) = preSolution
		HideSolutionNode = FALSE
	EndGlobalSection
	GlobalSection(ExtensibilityGlobals) = postSolution
		SolutionGuid = {2382DE8A-C56C-4075-AD93-D2138A9E7F2C}
	EndGlobalSection
EndGlobal
