
Microsoft Visual Studio Solution File, Format Version 12.00
# Visual Studio Version 17
VisualStudioVersion = 17.0.31919.166
MinimumVisualStudioVersion = 10.0.40219.1
Project("{FAE04EC0-301F-11D3-BF4B-00C04F79EFBC}") = "Cliente", "Cliente\Cliente.csproj", "{4F88CD3D-32BB-4A9B-8DF6-422840030F07}"
EndProject
Global
	GlobalSection(SolutionConfigurationPlatforms) = preSolution
		Debug|Any CPU = Debug|Any CPU
		Release|Any CPU = Release|Any CPU
	EndGlobalSection
	GlobalSection(ProjectConfigurationPlatforms) = postSolution
		{4F88CD3D-32BB-4A9B-8DF6-422840030F07}.Debug|Any CPU.ActiveCfg = Debug|Any CPU
		{4F88CD3D-32BB-4A9B-8DF6-422840030F07}.Debug|Any CPU.Build.0 = Debug|Any CPU
		{4F88CD3D-32BB-4A9B-8DF6-422840030F07}.Release|Any CPU.ActiveCfg = Release|Any CPU
		{4F88CD3D-32BB-4A9B-8DF6-422840030F07}.Release|Any CPU.Build.0 = Release|Any CPU
	EndGlobalSection
	GlobalSection(SolutionProperties) = preSolution
		HideSolutionNode = FALSE
	EndGlobalSection
	GlobalSection(ExtensibilityGlobals) = postSolution
		SolutionGuid = {11869302-2A87-4E97-A995-D445E51E499B}
	EndGlobalSection
EndGlobal
